// !$*UTF8*$!
{
	archiveVersion = 1;
	classes = {
	};
	objectVersion = 50;
	objects = {

/* Begin PBXBuildFile section */
		2332518F218DF29F008BFF68 /* HZChatMessageModel.m in Sources */ = {isa = PBXBuildFile; fileRef = 2332518E218DF29F008BFF68 /* HZChatMessageModel.m */; };
		237C4366218B5723004DD42F /* HZChatViewController+ChatInputView.m in Sources */ = {isa = PBXBuildFile; fileRef = 237C4365218B5723004DD42F /* HZChatViewController+ChatInputView.m */; };
		23AEC15D218DFDF2001D48EA /* HZChatTextMessageTVCell.m in Sources */ = {isa = PBXBuildFile; fileRef = 23AEC15C218DFDF2001D48EA /* HZChatTextMessageTVCell.m */; };
		23FA56C4218E90A30015121E /* HZChatConstants.m in Sources */ = {isa = PBXBuildFile; fileRef = 23FA56C3218E90A30015121E /* HZChatConstants.m */; };
		23FA56C7218EA86A0015121E /* HZBubbleView.m in Sources */ = {isa = PBXBuildFile; fileRef = 23FA56C6218EA86A0015121E /* HZBubbleView.m */; };
		23FA56CC218F17690015121E /* HZChatImageMessageTVCell.m in Sources */ = {isa = PBXBuildFile; fileRef = 23FA56CB218F17690015121E /* HZChatImageMessageTVCell.m */; };
		5731E0C8218C32C400C8CCB5 /* HZChatMessageTVCell.m in Sources */ = {isa = PBXBuildFile; fileRef = 5731E0C7218C32C400C8CCB5 /* HZChatMessageTVCell.m */; };
		5731E0CF218C41A200C8CCB5 /* HZChatManager.m in Sources */ = {isa = PBXBuildFile; fileRef = 5731E0CE218C41A200C8CCB5 /* HZChatManager.m */; };
		5731E0D2218C434300C8CCB5 /* HZChatBaseMessageTVCell.m in Sources */ = {isa = PBXBuildFile; fileRef = 5731E0D1218C434300C8CCB5 /* HZChatBaseMessageTVCell.m */; };
		573972F4219148C9003C374A /* OpenUDID.m in Sources */ = {isa = PBXBuildFile; fileRef = 573972F2219148C9003C374A /* OpenUDID.m */; settings = {COMPILER_FLAGS = "-fno-objc-arc"; }; };
		578573E621928FED0058847F /* HZChatViewController+SendMessage.m in Sources */ = {isa = PBXBuildFile; fileRef = 578573E521928FED0058847F /* HZChatViewController+SendMessage.m */; };
		578573E921929A620058847F /* HZChatViewController+ReceiveMessage.m in Sources */ = {isa = PBXBuildFile; fileRef = 578573E821929A620058847F /* HZChatViewController+ReceiveMessage.m */; };
		578573EE2192EF510058847F /* HZDateChatAccessoryView.m in Sources */ = {isa = PBXBuildFile; fileRef = 578573EA2192EF510058847F /* HZDateChatAccessoryView.m */; };
		578573EF2192EF510058847F /* HZDateChatBelowCVCell.m in Sources */ = {isa = PBXBuildFile; fileRef = 578573ED2192EF510058847F /* HZDateChatBelowCVCell.m */; };
		578573F32192F5B90058847F /* JXLayoutButton.m in Sources */ = {isa = PBXBuildFile; fileRef = 578573F22192F5B90058847F /* JXLayoutButton.m */; };
		578573F72192F9570058847F /* UIViewController+HZJSExtentsion.m in Sources */ = {isa = PBXBuildFile; fileRef = 578573F62192F9570058847F /* UIViewController+HZJSExtentsion.m */; };
		578573FD2192FD520058847F /* HZChatViewController+SendImage.m in Sources */ = {isa = PBXBuildFile; fileRef = 578573FC2192FD520058847F /* HZChatViewController+SendImage.m */; };
		57E87E7E218AB1BA00AA6FEB /* AppDelegate.m in Sources */ = {isa = PBXBuildFile; fileRef = 57E87E7D218AB1BA00AA6FEB /* AppDelegate.m */; };
		57E87E81218AB1BA00AA6FEB /* ViewController.m in Sources */ = {isa = PBXBuildFile; fileRef = 57E87E80218AB1BA00AA6FEB /* ViewController.m */; };
		57E87E84218AB1BA00AA6FEB /* Main.storyboard in Resources */ = {isa = PBXBuildFile; fileRef = 57E87E82218AB1BA00AA6FEB /* Main.storyboard */; };
		57E87E86218AB1BD00AA6FEB /* Assets.xcassets in Resources */ = {isa = PBXBuildFile; fileRef = 57E87E85218AB1BD00AA6FEB /* Assets.xcassets */; };
		57E87E89218AB1BD00AA6FEB /* LaunchScreen.storyboard in Resources */ = {isa = PBXBuildFile; fileRef = 57E87E87218AB1BD00AA6FEB /* LaunchScreen.storyboard */; };
		57E87E8C218AB1BD00AA6FEB /* main.m in Sources */ = {isa = PBXBuildFile; fileRef = 57E87E8B218AB1BD00AA6FEB /* main.m */; };
		57E87E97218AD5C400AA6FEB /* HZBaseViewController.m in Sources */ = {isa = PBXBuildFile; fileRef = 57E87E96218AD5C400AA6FEB /* HZBaseViewController.m */; };
		57E87E9D218AD63500AA6FEB /* HZChatViewController.m in Sources */ = {isa = PBXBuildFile; fileRef = 57E87E9C218AD63500AA6FEB /* HZChatViewController.m */; };
		57E87EA0218AD82400AA6FEB /* HZChatInputView.m in Sources */ = {isa = PBXBuildFile; fileRef = 57E87E9F218AD82400AA6FEB /* HZChatInputView.m */; };
		57E87EA2218AE86700AA6FEB /* Chat.xcassets in Resources */ = {isa = PBXBuildFile; fileRef = 57E87EA1218AE86700AA6FEB /* Chat.xcassets */; };
		57E87EA5218AF82300AA6FEB /* HZChatViewController+KeyboardEvent.m in Sources */ = {isa = PBXBuildFile; fileRef = 57E87EA4218AF82300AA6FEB /* HZChatViewController+KeyboardEvent.m */; };
		57E87EA8218B095C00AA6FEB /* HZChatViewController+ChatTableView.m in Sources */ = {isa = PBXBuildFile; fileRef = 57E87EA7218B095C00AA6FEB /* HZChatViewController+ChatTableView.m */; };
		7CD152AE5B70A98A85F5A710 /* libPods-HZChatDemo.a in Frameworks */ = {isa = PBXBuildFile; fileRef = 274E4A0A141C69C6A5E65C4A /* libPods-HZChatDemo.a */; };
/* End PBXBuildFile section */

/* Begin PBXFileReference section */
		1A3E631EB1110AA955DA456A /* Pods-HZChatDemo.debug.xcconfig */ = {isa = PBXFileReference; includeInIndex = 1; lastKnownFileType = text.xcconfig; name = "Pods-HZChatDemo.debug.xcconfig"; path = "Pods/Target Support Files/Pods-HZChatDemo/Pods-HZChatDemo.debug.xcconfig"; sourceTree = "<group>"; };
		2332518C218DEF19008BFF68 /* HZUIMacro.h */ = {isa = PBXFileReference; lastKnownFileType = sourcecode.c.h; path = HZUIMacro.h; sourceTree = "<group>"; };
		2332518D218DF29F008BFF68 /* HZChatMessageModel.h */ = {isa = PBXFileReference; lastKnownFileType = sourcecode.c.h; name = HZChatMessageModel.h; path = HZChatDemo/Main/Chat/Model/HZChatMessageModel.h; sourceTree = SOURCE_ROOT; };
		2332518E218DF29F008BFF68 /* HZChatMessageModel.m */ = {isa = PBXFileReference; lastKnownFileType = sourcecode.c.objc; name = HZChatMessageModel.m; path = HZChatDemo/Main/Chat/Model/HZChatMessageModel.m; sourceTree = SOURCE_ROOT; };
		237C4364218B5723004DD42F /* HZChatViewController+ChatInputView.h */ = {isa = PBXFileReference; lastKnownFileType = sourcecode.c.h; path = "HZChatViewController+ChatInputView.h"; sourceTree = "<group>"; };
		237C4365218B5723004DD42F /* HZChatViewController+ChatInputView.m */ = {isa = PBXFileReference; lastKnownFileType = sourcecode.c.objc; path = "HZChatViewController+ChatInputView.m"; sourceTree = "<group>"; };
		23AEC15B218DFDF2001D48EA /* HZChatTextMessageTVCell.h */ = {isa = PBXFileReference; lastKnownFileType = sourcecode.c.h; path = HZChatTextMessageTVCell.h; sourceTree = "<group>"; };
		23AEC15C218DFDF2001D48EA /* HZChatTextMessageTVCell.m */ = {isa = PBXFileReference; lastKnownFileType = sourcecode.c.objc; path = HZChatTextMessageTVCell.m; sourceTree = "<group>"; };
		23FA56C2218E90A30015121E /* HZChatConstants.h */ = {isa = PBXFileReference; lastKnownFileType = sourcecode.c.h; path = HZChatConstants.h; sourceTree = "<group>"; };
		23FA56C3218E90A30015121E /* HZChatConstants.m */ = {isa = PBXFileReference; lastKnownFileType = sourcecode.c.objc; path = HZChatConstants.m; sourceTree = "<group>"; };
		23FA56C5218EA86A0015121E /* HZBubbleView.h */ = {isa = PBXFileReference; lastKnownFileType = sourcecode.c.h; path = HZBubbleView.h; sourceTree = "<group>"; };
		23FA56C6218EA86A0015121E /* HZBubbleView.m */ = {isa = PBXFileReference; lastKnownFileType = sourcecode.c.objc; path = HZBubbleView.m; sourceTree = "<group>"; };
		23FA56C9218EAA700015121E /* HZChatEnum.h */ = {isa = PBXFileReference; lastKnownFileType = sourcecode.c.h; path = HZChatEnum.h; sourceTree = "<group>"; };
		23FA56CA218F17690015121E /* HZChatImageMessageTVCell.h */ = {isa = PBXFileReference; lastKnownFileType = sourcecode.c.h; path = HZChatImageMessageTVCell.h; sourceTree = "<group>"; };
		23FA56CB218F17690015121E /* HZChatImageMessageTVCell.m */ = {isa = PBXFileReference; lastKnownFileType = sourcecode.c.objc; path = HZChatImageMessageTVCell.m; sourceTree = "<group>"; };
		274E4A0A141C69C6A5E65C4A /* libPods-HZChatDemo.a */ = {isa = PBXFileReference; explicitFileType = archive.ar; includeInIndex = 0; path = "libPods-HZChatDemo.a"; sourceTree = BUILT_PRODUCTS_DIR; };
		5731E0C6218C32C400C8CCB5 /* HZChatMessageTVCell.h */ = {isa = PBXFileReference; lastKnownFileType = sourcecode.c.h; path = HZChatMessageTVCell.h; sourceTree = "<group>"; };
		5731E0C7218C32C400C8CCB5 /* HZChatMessageTVCell.m */ = {isa = PBXFileReference; lastKnownFileType = sourcecode.c.objc; path = HZChatMessageTVCell.m; sourceTree = "<group>"; };
		5731E0CD218C41A200C8CCB5 /* HZChatManager.h */ = {isa = PBXFileReference; lastKnownFileType = sourcecode.c.h; path = HZChatManager.h; sourceTree = "<group>"; };
		5731E0CE218C41A200C8CCB5 /* HZChatManager.m */ = {isa = PBXFileReference; lastKnownFileType = sourcecode.c.objc; path = HZChatManager.m; sourceTree = "<group>"; };
		5731E0D0218C434300C8CCB5 /* HZChatBaseMessageTVCell.h */ = {isa = PBXFileReference; lastKnownFileType = sourcecode.c.h; path = HZChatBaseMessageTVCell.h; sourceTree = "<group>"; };
		5731E0D1218C434300C8CCB5 /* HZChatBaseMessageTVCell.m */ = {isa = PBXFileReference; lastKnownFileType = sourcecode.c.objc; path = HZChatBaseMessageTVCell.m; sourceTree = "<group>"; };
		573972F2219148C9003C374A /* OpenUDID.m */ = {isa = PBXFileReference; fileEncoding = 4; lastKnownFileType = sourcecode.c.objc; path = OpenUDID.m; sourceTree = "<group>"; };
		573972F3219148C9003C374A /* OpenUDID.h */ = {isa = PBXFileReference; fileEncoding = 4; lastKnownFileType = sourcecode.c.h; path = OpenUDID.h; sourceTree = "<group>"; };
		578573E421928FED0058847F /* HZChatViewController+SendMessage.h */ = {isa = PBXFileReference; lastKnownFileType = sourcecode.c.h; path = "HZChatViewController+SendMessage.h"; sourceTree = "<group>"; };
		578573E521928FED0058847F /* HZChatViewController+SendMessage.m */ = {isa = PBXFileReference; lastKnownFileType = sourcecode.c.objc; path = "HZChatViewController+SendMessage.m"; sourceTree = "<group>"; };
		578573E721929A620058847F /* HZChatViewController+ReceiveMessage.h */ = {isa = PBXFileReference; lastKnownFileType = sourcecode.c.h; path = "HZChatViewController+ReceiveMessage.h"; sourceTree = "<group>"; };
		578573E821929A620058847F /* HZChatViewController+ReceiveMessage.m */ = {isa = PBXFileReference; lastKnownFileType = sourcecode.c.objc; path = "HZChatViewController+ReceiveMessage.m"; sourceTree = "<group>"; };
		578573EA2192EF510058847F /* HZDateChatAccessoryView.m */ = {isa = PBXFileReference; fileEncoding = 4; lastKnownFileType = sourcecode.c.objc; path = HZDateChatAccessoryView.m; sourceTree = "<group>"; };
		578573EB2192EF510058847F /* HZDateChatAccessoryView.h */ = {isa = PBXFileReference; fileEncoding = 4; lastKnownFileType = sourcecode.c.h; path = HZDateChatAccessoryView.h; sourceTree = "<group>"; };
		578573EC2192EF510058847F /* HZDateChatBelowCVCell.h */ = {isa = PBXFileReference; fileEncoding = 4; lastKnownFileType = sourcecode.c.h; path = HZDateChatBelowCVCell.h; sourceTree = "<group>"; };
		578573ED2192EF510058847F /* HZDateChatBelowCVCell.m */ = {isa = PBXFileReference; fileEncoding = 4; lastKnownFileType = sourcecode.c.objc; path = HZDateChatBelowCVCell.m; sourceTree = "<group>"; };
		578573F12192F5B90058847F /* JXLayoutButton.h */ = {isa = PBXFileReference; fileEncoding = 4; lastKnownFileType = sourcecode.c.h; path = JXLayoutButton.h; sourceTree = "<group>"; };
		578573F22192F5B90058847F /* JXLayoutButton.m */ = {isa = PBXFileReference; fileEncoding = 4; lastKnownFileType = sourcecode.c.objc; path = JXLayoutButton.m; sourceTree = "<group>"; };
		578573F52192F9570058847F /* UIViewController+HZJSExtentsion.h */ = {isa = PBXFileReference; fileEncoding = 4; lastKnownFileType = sourcecode.c.h; path = "UIViewController+HZJSExtentsion.h"; sourceTree = "<group>"; };
		578573F62192F9570058847F /* UIViewController+HZJSExtentsion.m */ = {isa = PBXFileReference; fileEncoding = 4; lastKnownFileType = sourcecode.c.objc; path = "UIViewController+HZJSExtentsion.m"; sourceTree = "<group>"; };
		578573FB2192FD520058847F /* HZChatViewController+SendImage.h */ = {isa = PBXFileReference; lastKnownFileType = sourcecode.c.h; path = "HZChatViewController+SendImage.h"; sourceTree = "<group>"; };
		578573FC2192FD520058847F /* HZChatViewController+SendImage.m */ = {isa = PBXFileReference; lastKnownFileType = sourcecode.c.objc; path = "HZChatViewController+SendImage.m"; sourceTree = "<group>"; };
		57E87E79218AB1BA00AA6FEB /* HZChatDemo.app */ = {isa = PBXFileReference; explicitFileType = wrapper.application; includeInIndex = 0; path = HZChatDemo.app; sourceTree = BUILT_PRODUCTS_DIR; };
		57E87E7C218AB1BA00AA6FEB /* AppDelegate.h */ = {isa = PBXFileReference; lastKnownFileType = sourcecode.c.h; path = AppDelegate.h; sourceTree = "<group>"; };
		57E87E7D218AB1BA00AA6FEB /* AppDelegate.m */ = {isa = PBXFileReference; lastKnownFileType = sourcecode.c.objc; path = AppDelegate.m; sourceTree = "<group>"; };
		57E87E7F218AB1BA00AA6FEB /* ViewController.h */ = {isa = PBXFileReference; lastKnownFileType = sourcecode.c.h; path = ViewController.h; sourceTree = "<group>"; };
		57E87E80218AB1BA00AA6FEB /* ViewController.m */ = {isa = PBXFileReference; lastKnownFileType = sourcecode.c.objc; path = ViewController.m; sourceTree = "<group>"; };
		57E87E83218AB1BA00AA6FEB /* Base */ = {isa = PBXFileReference; lastKnownFileType = file.storyboard; name = Base; path = Base.lproj/Main.storyboard; sourceTree = "<group>"; };
		57E87E85218AB1BD00AA6FEB /* Assets.xcassets */ = {isa = PBXFileReference; lastKnownFileType = folder.assetcatalog; path = Assets.xcassets; sourceTree = "<group>"; };
		57E87E88218AB1BD00AA6FEB /* Base */ = {isa = PBXFileReference; lastKnownFileType = file.storyboard; name = Base; path = Base.lproj/LaunchScreen.storyboard; sourceTree = "<group>"; };
		57E87E8A218AB1BD00AA6FEB /* Info.plist */ = {isa = PBXFileReference; lastKnownFileType = text.plist.xml; path = Info.plist; sourceTree = "<group>"; };
		57E87E8B218AB1BD00AA6FEB /* main.m */ = {isa = PBXFileReference; lastKnownFileType = sourcecode.c.objc; path = main.m; sourceTree = "<group>"; };
		57E87E95218AD5C400AA6FEB /* HZBaseViewController.h */ = {isa = PBXFileReference; lastKnownFileType = sourcecode.c.h; path = HZBaseViewController.h; sourceTree = "<group>"; };
		57E87E96218AD5C400AA6FEB /* HZBaseViewController.m */ = {isa = PBXFileReference; lastKnownFileType = sourcecode.c.objc; path = HZBaseViewController.m; sourceTree = "<group>"; };
		57E87E9B218AD63500AA6FEB /* HZChatViewController.h */ = {isa = PBXFileReference; lastKnownFileType = sourcecode.c.h; path = HZChatViewController.h; sourceTree = "<group>"; };
		57E87E9C218AD63500AA6FEB /* HZChatViewController.m */ = {isa = PBXFileReference; lastKnownFileType = sourcecode.c.objc; path = HZChatViewController.m; sourceTree = "<group>"; };
		57E87E9E218AD82400AA6FEB /* HZChatInputView.h */ = {isa = PBXFileReference; lastKnownFileType = sourcecode.c.h; path = HZChatInputView.h; sourceTree = "<group>"; };
		57E87E9F218AD82400AA6FEB /* HZChatInputView.m */ = {isa = PBXFileReference; lastKnownFileType = sourcecode.c.objc; path = HZChatInputView.m; sourceTree = "<group>"; };
		57E87EA1218AE86700AA6FEB /* Chat.xcassets */ = {isa = PBXFileReference; lastKnownFileType = folder.assetcatalog; path = Chat.xcassets; sourceTree = "<group>"; };
		57E87EA3218AF82300AA6FEB /* HZChatViewController+KeyboardEvent.h */ = {isa = PBXFileReference; lastKnownFileType = sourcecode.c.h; path = "HZChatViewController+KeyboardEvent.h"; sourceTree = "<group>"; };
		57E87EA4218AF82300AA6FEB /* HZChatViewController+KeyboardEvent.m */ = {isa = PBXFileReference; lastKnownFileType = sourcecode.c.objc; path = "HZChatViewController+KeyboardEvent.m"; sourceTree = "<group>"; };
		57E87EA6218B095C00AA6FEB /* HZChatViewController+ChatTableView.h */ = {isa = PBXFileReference; lastKnownFileType = sourcecode.c.h; path = "HZChatViewController+ChatTableView.h"; sourceTree = "<group>"; };
		57E87EA7218B095C00AA6FEB /* HZChatViewController+ChatTableView.m */ = {isa = PBXFileReference; lastKnownFileType = sourcecode.c.objc; path = "HZChatViewController+ChatTableView.m"; sourceTree = "<group>"; };
		9E56D7516701A2E4BD8F9C10 /* Pods-HZChatDemo.release.xcconfig */ = {isa = PBXFileReference; includeInIndex = 1; lastKnownFileType = text.xcconfig; name = "Pods-HZChatDemo.release.xcconfig"; path = "Pods/Target Support Files/Pods-HZChatDemo/Pods-HZChatDemo.release.xcconfig"; sourceTree = "<group>"; };
/* End PBXFileReference section */

/* Begin PBXFrameworksBuildPhase section */
		57E87E76218AB1BA00AA6FEB /* Frameworks */ = {
			isa = PBXFrameworksBuildPhase;
			buildActionMask = 2147483647;
			files = (
				7CD152AE5B70A98A85F5A710 /* libPods-HZChatDemo.a in Frameworks */,
			);
			runOnlyForDeploymentPostprocessing = 0;
		};
/* End PBXFrameworksBuildPhase section */

/* Begin PBXGroup section */
		23325189218DDDD3008BFF68 /* Common */ = {
			isa = PBXGroup;
			children = (
				23FA56C2218E90A30015121E /* HZChatConstants.h */,
				23FA56C3218E90A30015121E /* HZChatConstants.m */,
				23FA56C9218EAA700015121E /* HZChatEnum.h */,
			);
			path = Common;
			sourceTree = "<group>";
		};
		2332518B218DEEE7008BFF68 /* Macros */ = {
			isa = PBXGroup;
			children = (
				2332518C218DEF19008BFF68 /* HZUIMacro.h */,
			);
			path = Macros;
			sourceTree = "<group>";
		};
		23325190218DF2EB008BFF68 /* Model */ = {
			isa = PBXGroup;
			children = (
				2332518D218DF29F008BFF68 /* HZChatMessageModel.h */,
				2332518E218DF29F008BFF68 /* HZChatMessageModel.m */,
			);
			path = Model;
			sourceTree = "<group>";
		};
		32FA0E49A1601A07EA6D144D /* Pods */ = {
			isa = PBXGroup;
			children = (
				1A3E631EB1110AA955DA456A /* Pods-HZChatDemo.debug.xcconfig */,
				9E56D7516701A2E4BD8F9C10 /* Pods-HZChatDemo.release.xcconfig */,
			);
			name = Pods;
			sourceTree = "<group>";
		};
		5731E0CC218C405D00C8CCB5 /* Managers */ = {
			isa = PBXGroup;
			children = (
				5731E0CD218C41A200C8CCB5 /* HZChatManager.h */,
				5731E0CE218C41A200C8CCB5 /* HZChatManager.m */,
			);
			path = Managers;
			sourceTree = "<group>";
		};
		573972F0219148AC003C374A /* Vendor */ = {
			isa = PBXGroup;
			children = (
				578573F02192F5A40058847F /* JXLayoutButton */,
				573972F1219148C9003C374A /* OpenUDID */,
			);
			path = Vendor;
			sourceTree = "<group>";
		};
		573972F1219148C9003C374A /* OpenUDID */ = {
			isa = PBXGroup;
			children = (
				573972F2219148C9003C374A /* OpenUDID.m */,
				573972F3219148C9003C374A /* OpenUDID.h */,
			);
			path = OpenUDID;
			sourceTree = "<group>";
		};
		578573F02192F5A40058847F /* JXLayoutButton */ = {
			isa = PBXGroup;
			children = (
				578573F12192F5B90058847F /* JXLayoutButton.h */,
				578573F22192F5B90058847F /* JXLayoutButton.m */,
			);
			path = JXLayoutButton;
			sourceTree = "<group>";
		};
		578573F42192F93B0058847F /* Components */ = {
			isa = PBXGroup;
			children = (
				578573F52192F9570058847F /* UIViewController+HZJSExtentsion.h */,
				578573F62192F9570058847F /* UIViewController+HZJSExtentsion.m */,
			);
			path = Components;
			sourceTree = "<group>";
		};
		57E87E70218AB1BA00AA6FEB = {
			isa = PBXGroup;
			children = (
				57E87E7B218AB1BA00AA6FEB /* HZChatDemo */,
				57E87E7A218AB1BA00AA6FEB /* Products */,
				32FA0E49A1601A07EA6D144D /* Pods */,
				DCC1A4FF7DE5F52577FDA3EF /* Frameworks */,
			);
			sourceTree = "<group>";
		};
		57E87E7A218AB1BA00AA6FEB /* Products */ = {
			isa = PBXGroup;
			children = (
				57E87E79218AB1BA00AA6FEB /* HZChatDemo.app */,
			);
			name = Products;
			sourceTree = "<group>";
		};
		57E87E7B218AB1BA00AA6FEB /* HZChatDemo */ = {
			isa = PBXGroup;
			children = (
				578573F42192F93B0058847F /* Components */,
				573972F0219148AC003C374A /* Vendor */,
				2332518B218DEEE7008BFF68 /* Macros */,
				5731E0CC218C405D00C8CCB5 /* Managers */,
				57E87E92218AD4F800AA6FEB /* Main */,
				57E87E7C218AB1BA00AA6FEB /* AppDelegate.h */,
				57E87E7D218AB1BA00AA6FEB /* AppDelegate.m */,
				57E87E7F218AB1BA00AA6FEB /* ViewController.h */,
				57E87E80218AB1BA00AA6FEB /* ViewController.m */,
				57E87E82218AB1BA00AA6FEB /* Main.storyboard */,
				57E87E85218AB1BD00AA6FEB /* Assets.xcassets */,
				57E87EA1218AE86700AA6FEB /* Chat.xcassets */,
				57E87E87218AB1BD00AA6FEB /* LaunchScreen.storyboard */,
				57E87E8A218AB1BD00AA6FEB /* Info.plist */,
				57E87E8B218AB1BD00AA6FEB /* main.m */,
			);
			path = HZChatDemo;
			sourceTree = "<group>";
		};
		57E87E92218AD4F800AA6FEB /* Main */ = {
			isa = PBXGroup;
			children = (
				57E87E94218AD55400AA6FEB /* Base */,
				57E87E93218AD50600AA6FEB /* Chat */,
			);
			path = Main;
			sourceTree = "<group>";
		};
		57E87E93218AD50600AA6FEB /* Chat */ = {
			isa = PBXGroup;
			children = (
				23325189218DDDD3008BFF68 /* Common */,
				57E87E98218AD5E500AA6FEB /* Controller */,
				23325190218DF2EB008BFF68 /* Model */,
				57E87E9A218AD60100AA6FEB /* View */,
			);
			path = Chat;
			sourceTree = "<group>";
		};
		57E87E94218AD55400AA6FEB /* Base */ = {
			isa = PBXGroup;
			children = (
				57E87E95218AD5C400AA6FEB /* HZBaseViewController.h */,
				57E87E96218AD5C400AA6FEB /* HZBaseViewController.m */,
			);
			path = Base;
			sourceTree = "<group>";
		};
		57E87E98218AD5E500AA6FEB /* Controller */ = {
			isa = PBXGroup;
			children = (
				57E87E9B218AD63500AA6FEB /* HZChatViewController.h */,
				57E87E9C218AD63500AA6FEB /* HZChatViewController.m */,
				57E87EA3218AF82300AA6FEB /* HZChatViewController+KeyboardEvent.h */,
				57E87EA4218AF82300AA6FEB /* HZChatViewController+KeyboardEvent.m */,
				57E87EA6218B095C00AA6FEB /* HZChatViewController+ChatTableView.h */,
				57E87EA7218B095C00AA6FEB /* HZChatViewController+ChatTableView.m */,
				237C4364218B5723004DD42F /* HZChatViewController+ChatInputView.h */,
				237C4365218B5723004DD42F /* HZChatViewController+ChatInputView.m */,
				578573E421928FED0058847F /* HZChatViewController+SendMessage.h */,
				578573E521928FED0058847F /* HZChatViewController+SendMessage.m */,
				578573E721929A620058847F /* HZChatViewController+ReceiveMessage.h */,
				578573E821929A620058847F /* HZChatViewController+ReceiveMessage.m */,
				578573FB2192FD520058847F /* HZChatViewController+SendImage.h */,
				578573FC2192FD520058847F /* HZChatViewController+SendImage.m */,
			);
			path = Controller;
			sourceTree = "<group>";
		};
		57E87E9A218AD60100AA6FEB /* View */ = {
			isa = PBXGroup;
			children = (
				57E87E9E218AD82400AA6FEB /* HZChatInputView.h */,
				57E87E9F218AD82400AA6FEB /* HZChatInputView.m */,
				5731E0C6218C32C400C8CCB5 /* HZChatMessageTVCell.h */,
				5731E0C7218C32C400C8CCB5 /* HZChatMessageTVCell.m */,
				23FA56CA218F17690015121E /* HZChatImageMessageTVCell.h */,
				23FA56CB218F17690015121E /* HZChatImageMessageTVCell.m */,
				23AEC15B218DFDF2001D48EA /* HZChatTextMessageTVCell.h */,
				23AEC15C218DFDF2001D48EA /* HZChatTextMessageTVCell.m */,
				5731E0D0218C434300C8CCB5 /* HZChatBaseMessageTVCell.h */,
				5731E0D1218C434300C8CCB5 /* HZChatBaseMessageTVCell.m */,
				578573EB2192EF510058847F /* HZDateChatAccessoryView.h */,
				578573EA2192EF510058847F /* HZDateChatAccessoryView.m */,
				578573EC2192EF510058847F /* HZDateChatBelowCVCell.h */,
				578573ED2192EF510058847F /* HZDateChatBelowCVCell.m */,
				23FA56C5218EA86A0015121E /* HZBubbleView.h */,
				23FA56C6218EA86A0015121E /* HZBubbleView.m */,
			);
			path = View;
			sourceTree = "<group>";
		};
		DCC1A4FF7DE5F52577FDA3EF /* Frameworks */ = {
			isa = PBXGroup;
			children = (
				274E4A0A141C69C6A5E65C4A /* libPods-HZChatDemo.a */,
			);
			name = Frameworks;
			sourceTree = "<group>";
		};
/* End PBXGroup section */

/* Begin PBXNativeTarget section */
		57E87E78218AB1BA00AA6FEB /* HZChatDemo */ = {
			isa = PBXNativeTarget;
			buildConfigurationList = 57E87E8F218AB1BD00AA6FEB /* Build configuration list for PBXNativeTarget "HZChatDemo" */;
			buildPhases = (
				AF34ADDCC0767E7EA0E812B8 /* [CP] Check Pods Manifest.lock */,
				57E87E75218AB1BA00AA6FEB /* Sources */,
				57E87E76218AB1BA00AA6FEB /* Frameworks */,
				57E87E77218AB1BA00AA6FEB /* Resources */,
				F35E4AAF199B58D00F078106 /* [CP] Copy Pods Resources */,
			);
			buildRules = (
			);
			dependencies = (
			);
			name = HZChatDemo;
			productName = HZChatDemo;
			productReference = 57E87E79218AB1BA00AA6FEB /* HZChatDemo.app */;
			productType = "com.apple.product-type.application";
		};
/* End PBXNativeTarget section */

/* Begin PBXProject section */
		57E87E71218AB1BA00AA6FEB /* Project object */ = {
			isa = PBXProject;
			attributes = {
				LastUpgradeCheck = 1010;
				ORGANIZATIONNAME = o888;
				TargetAttributes = {
					57E87E78218AB1BA00AA6FEB = {
						CreatedOnToolsVersion = 10.1;
					};
				};
			};
			buildConfigurationList = 57E87E74218AB1BA00AA6FEB /* Build configuration list for PBXProject "HZChatDemo" */;
			compatibilityVersion = "Xcode 9.3";
			developmentRegion = en;
			hasScannedForEncodings = 0;
			knownRegions = (
				en,
				Base,
			);
			mainGroup = 57E87E70218AB1BA00AA6FEB;
			productRefGroup = 57E87E7A218AB1BA00AA6FEB /* Products */;
			projectDirPath = "";
			projectRoot = "";
			targets = (
				57E87E78218AB1BA00AA6FEB /* HZChatDemo */,
			);
		};
/* End PBXProject section */

/* Begin PBXResourcesBuildPhase section */
		57E87E77218AB1BA00AA6FEB /* Resources */ = {
			isa = PBXResourcesBuildPhase;
			buildActionMask = 2147483647;
			files = (
				57E87E89218AB1BD00AA6FEB /* LaunchScreen.storyboard in Resources */,
				57E87EA2218AE86700AA6FEB /* Chat.xcassets in Resources */,
				57E87E86218AB1BD00AA6FEB /* Assets.xcassets in Resources */,
				57E87E84218AB1BA00AA6FEB /* Main.storyboard in Resources */,
			);
			runOnlyForDeploymentPostprocessing = 0;
		};
/* End PBXResourcesBuildPhase section */

/* Begin PBXShellScriptBuildPhase section */
		AF34ADDCC0767E7EA0E812B8 /* [CP] Check Pods Manifest.lock */ = {
			isa = PBXShellScriptBuildPhase;
			buildActionMask = 2147483647;
			files = (
			);
			inputPaths = (
				"${PODS_PODFILE_DIR_PATH}/Podfile.lock",
				"${PODS_ROOT}/Manifest.lock",
			);
			name = "[CP] Check Pods Manifest.lock";
			outputPaths = (
				"$(DERIVED_FILE_DIR)/Pods-HZChatDemo-checkManifestLockResult.txt",
			);
			runOnlyForDeploymentPostprocessing = 0;
			shellPath = /bin/sh;
			shellScript = "diff \"${PODS_PODFILE_DIR_PATH}/Podfile.lock\" \"${PODS_ROOT}/Manifest.lock\" > /dev/null\nif [ $? != 0 ] ; then\n    # print error to STDERR\n    echo \"error: The sandbox is not in sync with the Podfile.lock. Run 'pod install' or update your CocoaPods installation.\" >&2\n    exit 1\nfi\n# This output is used by Xcode 'outputs' to avoid re-running this script phase.\necho \"SUCCESS\" > \"${SCRIPT_OUTPUT_FILE_0}\"\n";
			showEnvVarsInLog = 0;
		};
		F35E4AAF199B58D00F078106 /* [CP] Copy Pods Resources */ = {
			isa = PBXShellScriptBuildPhase;
			buildActionMask = 2147483647;
			files = (
			);
			inputPaths = (
				"${SRCROOT}/Pods/Target Support Files/Pods-HZChatDemo/Pods-HZChatDemo-resources.sh",
				"${PODS_ROOT}/TJLImagePicker/TJLImagePicker/Resources/bgImage_HL@2x.png",
				"${PODS_ROOT}/TJLImagePicker/TJLImagePicker/Resources/black_circle.png",
				"${PODS_ROOT}/TJLImagePicker/TJLImagePicker/Resources/black_circle@2x.png",
				"${PODS_ROOT}/TJLImagePicker/TJLImagePicker/Resources/black_circle@3x.png",
				"${PODS_ROOT}/TJLImagePicker/TJLImagePicker/Resources/blank.png",
				"${PODS_ROOT}/TJLImagePicker/TJLImagePicker/Resources/blank@2x.png",
				"${PODS_ROOT}/TJLImagePicker/TJLImagePicker/Resources/blank@3x.png",
				"${PODS_ROOT}/TJLImagePicker/TJLImagePicker/Resources/button.png",
				"${PODS_ROOT}/TJLImagePicker/TJLImagePicker/Resources/button@2x.png",
				"${PODS_ROOT}/TJLImagePicker/TJLImagePicker/Resources/button@3x.png",
				"${PODS_ROOT}/TJLImagePicker/TJLImagePicker/Resources/cancel.png",
				"${PODS_ROOT}/TJLImagePicker/TJLImagePicker/Resources/cancel@2x.png",
				"${PODS_ROOT}/TJLImagePicker/TJLImagePicker/Resources/cancel@3x.png",
				"${PODS_ROOT}/TJLImagePicker/TJLImagePicker/Resources/cellLine@2x.png",
				"${PODS_ROOT}/TJLImagePicker/TJLImagePicker/Resources/change_direction.png",
				"${PODS_ROOT}/TJLImagePicker/TJLImagePicker/Resources/change_direction@2x.png",
				"${PODS_ROOT}/TJLImagePicker/TJLImagePicker/Resources/change_direction@3x.png",
				"${PODS_ROOT}/TJLImagePicker/TJLImagePicker/Resources/green.png",
				"${PODS_ROOT}/TJLImagePicker/TJLImagePicker/Resources/green@2x.png",
				"${PODS_ROOT}/TJLImagePicker/TJLImagePicker/Resources/green@3x.png",
				"${PODS_ROOT}/TJLImagePicker/TJLImagePicker/Resources/grey.png",
				"${PODS_ROOT}/TJLImagePicker/TJLImagePicker/Resources/grey@2x.png",
				"${PODS_ROOT}/TJLImagePicker/TJLImagePicker/Resources/grey@3x.png",
				"${PODS_ROOT}/TJLImagePicker/TJLImagePicker/Resources/more.png",
				"${PODS_ROOT}/TJLImagePicker/TJLImagePicker/Resources/more@2x.png",
				"${PODS_ROOT}/TJLImagePicker/TJLImagePicker/Resources/more@3x.png",
				"${PODS_ROOT}/TJLImagePicker/TJLImagePicker/Resources/pull_down.png",
				"${PODS_ROOT}/TJLImagePicker/TJLImagePicker/Resources/pull_down@2x.png",
				"${PODS_ROOT}/TJLImagePicker/TJLImagePicker/Resources/pull_down@3x.png",
				"${PODS_ROOT}/TJLImagePicker/TJLImagePicker/Resources/team_red_check.png",
				"${PODS_ROOT}/TJLImagePicker/TJLImagePicker/Resources/team_red_check@2x.png",
				"${PODS_ROOT}/TJLImagePicker/TJLImagePicker/Resources/team_red_check@3x.png",
				"${PODS_ROOT}/TJLImagePicker/TJLImagePicker/Resources/TJLAlbumCell.xib",
				"${PODS_ROOT}/TJLImagePicker/TJLImagePicker/Resources/TJLGridCollectionCell.xib",
				"${PODS_ROOT}/TJLImagePicker/TJLImagePicker/Resources/white_circle.png",
				"${PODS_ROOT}/TJLImagePicker/TJLImagePicker/Resources/white_circle@2x.png",
				"${PODS_ROOT}/TJLImagePicker/TJLImagePicker/Resources/white_circle@3x.png",
			);
			name = "[CP] Copy Pods Resources";
			outputPaths = (
				"${TARGET_BUILD_DIR}/${UNLOCALIZED_RESOURCES_FOLDER_PATH}/bgImage_HL@2x.png",
				"${TARGET_BUILD_DIR}/${UNLOCALIZED_RESOURCES_FOLDER_PATH}/black_circle.png",
				"${TARGET_BUILD_DIR}/${UNLOCALIZED_RESOURCES_FOLDER_PATH}/black_circle@2x.png",
				"${TARGET_BUILD_DIR}/${UNLOCALIZED_RESOURCES_FOLDER_PATH}/black_circle@3x.png",
				"${TARGET_BUILD_DIR}/${UNLOCALIZED_RESOURCES_FOLDER_PATH}/blank.png",
				"${TARGET_BUILD_DIR}/${UNLOCALIZED_RESOURCES_FOLDER_PATH}/blank@2x.png",
				"${TARGET_BUILD_DIR}/${UNLOCALIZED_RESOURCES_FOLDER_PATH}/blank@3x.png",
				"${TARGET_BUILD_DIR}/${UNLOCALIZED_RESOURCES_FOLDER_PATH}/button.png",
				"${TARGET_BUILD_DIR}/${UNLOCALIZED_RESOURCES_FOLDER_PATH}/button@2x.png",
				"${TARGET_BUILD_DIR}/${UNLOCALIZED_RESOURCES_FOLDER_PATH}/button@3x.png",
				"${TARGET_BUILD_DIR}/${UNLOCALIZED_RESOURCES_FOLDER_PATH}/cancel.png",
				"${TARGET_BUILD_DIR}/${UNLOCALIZED_RESOURCES_FOLDER_PATH}/cancel@2x.png",
				"${TARGET_BUILD_DIR}/${UNLOCALIZED_RESOURCES_FOLDER_PATH}/cancel@3x.png",
				"${TARGET_BUILD_DIR}/${UNLOCALIZED_RESOURCES_FOLDER_PATH}/cellLine@2x.png",
				"${TARGET_BUILD_DIR}/${UNLOCALIZED_RESOURCES_FOLDER_PATH}/change_direction.png",
				"${TARGET_BUILD_DIR}/${UNLOCALIZED_RESOURCES_FOLDER_PATH}/change_direction@2x.png",
				"${TARGET_BUILD_DIR}/${UNLOCALIZED_RESOURCES_FOLDER_PATH}/change_direction@3x.png",
				"${TARGET_BUILD_DIR}/${UNLOCALIZED_RESOURCES_FOLDER_PATH}/green.png",
				"${TARGET_BUILD_DIR}/${UNLOCALIZED_RESOURCES_FOLDER_PATH}/green@2x.png",
				"${TARGET_BUILD_DIR}/${UNLOCALIZED_RESOURCES_FOLDER_PATH}/green@3x.png",
				"${TARGET_BUILD_DIR}/${UNLOCALIZED_RESOURCES_FOLDER_PATH}/grey.png",
				"${TARGET_BUILD_DIR}/${UNLOCALIZED_RESOURCES_FOLDER_PATH}/grey@2x.png",
				"${TARGET_BUILD_DIR}/${UNLOCALIZED_RESOURCES_FOLDER_PATH}/grey@3x.png",
				"${TARGET_BUILD_DIR}/${UNLOCALIZED_RESOURCES_FOLDER_PATH}/more.png",
				"${TARGET_BUILD_DIR}/${UNLOCALIZED_RESOURCES_FOLDER_PATH}/more@2x.png",
				"${TARGET_BUILD_DIR}/${UNLOCALIZED_RESOURCES_FOLDER_PATH}/more@3x.png",
				"${TARGET_BUILD_DIR}/${UNLOCALIZED_RESOURCES_FOLDER_PATH}/pull_down.png",
				"${TARGET_BUILD_DIR}/${UNLOCALIZED_RESOURCES_FOLDER_PATH}/pull_down@2x.png",
				"${TARGET_BUILD_DIR}/${UNLOCALIZED_RESOURCES_FOLDER_PATH}/pull_down@3x.png",
				"${TARGET_BUILD_DIR}/${UNLOCALIZED_RESOURCES_FOLDER_PATH}/team_red_check.png",
				"${TARGET_BUILD_DIR}/${UNLOCALIZED_RESOURCES_FOLDER_PATH}/team_red_check@2x.png",
				"${TARGET_BUILD_DIR}/${UNLOCALIZED_RESOURCES_FOLDER_PATH}/team_red_check@3x.png",
				"${TARGET_BUILD_DIR}/${UNLOCALIZED_RESOURCES_FOLDER_PATH}/TJLAlbumCell.nib",
				"${TARGET_BUILD_DIR}/${UNLOCALIZED_RESOURCES_FOLDER_PATH}/TJLGridCollectionCell.nib",
				"${TARGET_BUILD_DIR}/${UNLOCALIZED_RESOURCES_FOLDER_PATH}/white_circle.png",
				"${TARGET_BUILD_DIR}/${UNLOCALIZED_RESOURCES_FOLDER_PATH}/white_circle@2x.png",
				"${TARGET_BUILD_DIR}/${UNLOCALIZED_RESOURCES_FOLDER_PATH}/white_circle@3x.png",
			);
			runOnlyForDeploymentPostprocessing = 0;
			shellPath = /bin/sh;
			shellScript = "\"${SRCROOT}/Pods/Target Support Files/Pods-HZChatDemo/Pods-HZChatDemo-resources.sh\"\n";
			showEnvVarsInLog = 0;
		};
/* End PBXShellScriptBuildPhase section */

/* Begin PBXSourcesBuildPhase section */
		57E87E75218AB1BA00AA6FEB /* Sources */ = {
			isa = PBXSourcesBuildPhase;
			buildActionMask = 2147483647;
			files = (
				578573EF2192EF510058847F /* HZDateChatBelowCVCell.m in Sources */,
				57E87E81218AB1BA00AA6FEB /* ViewController.m in Sources */,
				5731E0D2218C434300C8CCB5 /* HZChatBaseMessageTVCell.m in Sources */,
				237C4366218B5723004DD42F /* HZChatViewController+ChatInputView.m in Sources */,
				573972F4219148C9003C374A /* OpenUDID.m in Sources */,
				57E87E97218AD5C400AA6FEB /* HZBaseViewController.m in Sources */,
				57E87E8C218AB1BD00AA6FEB /* main.m in Sources */,
				23FA56C7218EA86A0015121E /* HZBubbleView.m in Sources */,
				2332518F218DF29F008BFF68 /* HZChatMessageModel.m in Sources */,
				578573E921929A620058847F /* HZChatViewController+ReceiveMessage.m in Sources */,
				23AEC15D218DFDF2001D48EA /* HZChatTextMessageTVCell.m in Sources */,
				5731E0C8218C32C400C8CCB5 /* HZChatMessageTVCell.m in Sources */,
				578573FD2192FD520058847F /* HZChatViewController+SendImage.m in Sources */,
				57E87EA0218AD82400AA6FEB /* HZChatInputView.m in Sources */,
				5731E0CF218C41A200C8CCB5 /* HZChatManager.m in Sources */,
				57E87E7E218AB1BA00AA6FEB /* AppDelegate.m in Sources */,
				23FA56CC218F17690015121E /* HZChatImageMessageTVCell.m in Sources */,
				57E87EA5218AF82300AA6FEB /* HZChatViewController+KeyboardEvent.m in Sources */,
				23FA56C4218E90A30015121E /* HZChatConstants.m in Sources */,
				57E87EA8218B095C00AA6FEB /* HZChatViewController+ChatTableView.m in Sources */,
				57E87E9D218AD63500AA6FEB /* HZChatViewController.m in Sources */,
				578573F72192F9570058847F /* UIViewController+HZJSExtentsion.m in Sources */,
				578573F32192F5B90058847F /* JXLayoutButton.m in Sources */,
				578573E621928FED0058847F /* HZChatViewController+SendMessage.m in Sources */,
				578573EE2192EF510058847F /* HZDateChatAccessoryView.m in Sources */,
			);
			runOnlyForDeploymentPostprocessing = 0;
		};
/* End PBXSourcesBuildPhase section */

/* Begin PBXVariantGroup section */
		57E87E82218AB1BA00AA6FEB /* Main.storyboard */ = {
			isa = PBXVariantGroup;
			children = (
				57E87E83218AB1BA00AA6FEB /* Base */,
			);
			name = Main.storyboard;
			sourceTree = "<group>";
		};
		57E87E87218AB1BD00AA6FEB /* LaunchScreen.storyboard */ = {
			isa = PBXVariantGroup;
			children = (
				57E87E88218AB1BD00AA6FEB /* Base */,
			);
			name = LaunchScreen.storyboard;
			sourceTree = "<group>";
		};
/* End PBXVariantGroup section */

/* Begin XCBuildConfiguration section */
		57E87E8D218AB1BD00AA6FEB /* Debug */ = {
			isa = XCBuildConfiguration;
			buildSettings = {
				ALWAYS_SEARCH_USER_PATHS = NO;
				CLANG_ANALYZER_NONNULL = YES;
				CLANG_ANALYZER_NUMBER_OBJECT_CONVERSION = YES_AGGRESSIVE;
				CLANG_CXX_LANGUAGE_STANDARD = "gnu++14";
				CLANG_CXX_LIBRARY = "libc++";
				CLANG_ENABLE_MODULES = YES;
				CLANG_ENABLE_OBJC_ARC = YES;
				CLANG_ENABLE_OBJC_WEAK = YES;
				CLANG_WARN_BLOCK_CAPTURE_AUTORELEASING = YES;
				CLANG_WARN_BOOL_CONVERSION = YES;
				CLANG_WARN_COMMA = YES;
				CLANG_WARN_CONSTANT_CONVERSION = YES;
				CLANG_WARN_DEPRECATED_OBJC_IMPLEMENTATIONS = YES;
				CLANG_WARN_DIRECT_OBJC_ISA_USAGE = YES_ERROR;
				CLANG_WARN_DOCUMENTATION_COMMENTS = YES;
				CLANG_WARN_EMPTY_BODY = YES;
				CLANG_WARN_ENUM_CONVERSION = YES;
				CLANG_WARN_INFINITE_RECURSION = YES;
				CLANG_WARN_INT_CONVERSION = YES;
				CLANG_WARN_NON_LITERAL_NULL_CONVERSION = YES;
				CLANG_WARN_OBJC_IMPLICIT_RETAIN_SELF = YES;
				CLANG_WARN_OBJC_LITERAL_CONVERSION = YES;
				CLANG_WARN_OBJC_ROOT_CLASS = YES_ERROR;
				CLANG_WARN_RANGE_LOOP_ANALYSIS = YES;
				CLANG_WARN_STRICT_PROTOTYPES = YES;
				CLANG_WARN_SUSPICIOUS_MOVE = YES;
				CLANG_WARN_UNGUARDED_AVAILABILITY = YES_AGGRESSIVE;
				CLANG_WARN_UNREACHABLE_CODE = YES;
				CLANG_WARN__DUPLICATE_METHOD_MATCH = YES;
				CODE_SIGN_IDENTITY = "iPhone Developer";
				COPY_PHASE_STRIP = NO;
				DEBUG_INFORMATION_FORMAT = dwarf;
				ENABLE_STRICT_OBJC_MSGSEND = YES;
				ENABLE_TESTABILITY = YES;
				GCC_C_LANGUAGE_STANDARD = gnu11;
				GCC_DYNAMIC_NO_PIC = NO;
				GCC_NO_COMMON_BLOCKS = YES;
				GCC_OPTIMIZATION_LEVEL = 0;
				GCC_PREPROCESSOR_DEFINITIONS = (
					"DEBUG=1",
					"$(inherited)",
				);
				GCC_WARN_64_TO_32_BIT_CONVERSION = YES;
				GCC_WARN_ABOUT_RETURN_TYPE = YES_ERROR;
				GCC_WARN_UNDECLARED_SELECTOR = YES;
				GCC_WARN_UNINITIALIZED_AUTOS = YES_AGGRESSIVE;
				GCC_WARN_UNUSED_FUNCTION = YES;
				GCC_WARN_UNUSED_VARIABLE = YES;
				IPHONEOS_DEPLOYMENT_TARGET = 12.1;
				MTL_ENABLE_DEBUG_INFO = INCLUDE_SOURCE;
				MTL_FAST_MATH = YES;
				ONLY_ACTIVE_ARCH = YES;
				SDKROOT = iphoneos;
			};
			name = Debug;
		};
		57E87E8E218AB1BD00AA6FEB /* Release */ = {
			isa = XCBuildConfiguration;
			buildSettings = {
				ALWAYS_SEARCH_USER_PATHS = NO;
				CLANG_ANALYZER_NONNULL = YES;
				CLANG_ANALYZER_NUMBER_OBJECT_CONVERSION = YES_AGGRESSIVE;
				CLANG_CXX_LANGUAGE_STANDARD = "gnu++14";
				CLANG_CXX_LIBRARY = "libc++";
				CLANG_ENABLE_MODULES = YES;
				CLANG_ENABLE_OBJC_ARC = YES;
				CLANG_ENABLE_OBJC_WEAK = YES;
				CLANG_WARN_BLOCK_CAPTURE_AUTORELEASING = YES;
				CLANG_WARN_BOOL_CONVERSION = YES;
				CLANG_WARN_COMMA = YES;
				CLANG_WARN_CONSTANT_CONVERSION = YES;
				CLANG_WARN_DEPRECATED_OBJC_IMPLEMENTATIONS = YES;
				CLANG_WARN_DIRECT_OBJC_ISA_USAGE = YES_ERROR;
				CLANG_WARN_DOCUMENTATION_COMMENTS = YES;
				CLANG_WARN_EMPTY_BODY = YES;
				CLANG_WARN_ENUM_CONVERSION = YES;
				CLANG_WARN_INFINITE_RECURSION = YES;
				CLANG_WARN_INT_CONVERSION = YES;
				CLANG_WARN_NON_LITERAL_NULL_CONVERSION = YES;
				CLANG_WARN_OBJC_IMPLICIT_RETAIN_SELF = YES;
				CLANG_WARN_OBJC_LITERAL_CONVERSION = YES;
				CLANG_WARN_OBJC_ROOT_CLASS = YES_ERROR;
				CLANG_WARN_RANGE_LOOP_ANALYSIS = YES;
				CLANG_WARN_STRICT_PROTOTYPES = YES;
				CLANG_WARN_SUSPICIOUS_MOVE = YES;
				CLANG_WARN_UNGUARDED_AVAILABILITY = YES_AGGRESSIVE;
				CLANG_WARN_UNREACHABLE_CODE = YES;
				CLANG_WARN__DUPLICATE_METHOD_MATCH = YES;
				CODE_SIGN_IDENTITY = "iPhone Developer";
				COPY_PHASE_STRIP = NO;
				DEBUG_INFORMATION_FORMAT = "dwarf-with-dsym";
				ENABLE_NS_ASSERTIONS = NO;
				ENABLE_STRICT_OBJC_MSGSEND = YES;
				GCC_C_LANGUAGE_STANDARD = gnu11;
				GCC_NO_COMMON_BLOCKS = YES;
				GCC_WARN_64_TO_32_BIT_CONVERSION = YES;
				GCC_WARN_ABOUT_RETURN_TYPE = YES_ERROR;
				GCC_WARN_UNDECLARED_SELECTOR = YES;
				GCC_WARN_UNINITIALIZED_AUTOS = YES_AGGRESSIVE;
				GCC_WARN_UNUSED_FUNCTION = YES;
				GCC_WARN_UNUSED_VARIABLE = YES;
				IPHONEOS_DEPLOYMENT_TARGET = 12.1;
				MTL_ENABLE_DEBUG_INFO = NO;
				MTL_FAST_MATH = YES;
				SDKROOT = iphoneos;
				VALIDATE_PRODUCT = YES;
			};
			name = Release;
		};
		57E87E90218AB1BD00AA6FEB /* Debug */ = {
			isa = XCBuildConfiguration;
			baseConfigurationReference = 1A3E631EB1110AA955DA456A /* Pods-HZChatDemo.debug.xcconfig */;
			buildSettings = {
				ASSETCATALOG_COMPILER_APPICON_NAME = AppIcon;
				CODE_SIGN_STYLE = Automatic;
				DEVELOPMENT_TEAM = UU7PMQ4GPH;
				INFOPLIST_FILE = HZChatDemo/Info.plist;
				IPHONEOS_DEPLOYMENT_TARGET = 8.0;
				LD_RUNPATH_SEARCH_PATHS = (
					"$(inherited)",
					"@executable_path/Frameworks",
				);
				PRODUCT_BUNDLE_IDENTIFIER = com.hz.HZChatDemo;
				PRODUCT_NAME = "$(TARGET_NAME)";
				TARGETED_DEVICE_FAMILY = "1,2";
			};
			name = Debug;
		};
		57E87E91218AB1BD00AA6FEB /* Release */ = {
			isa = XCBuildConfiguration;
			baseConfigurationReference = 9E56D7516701A2E4BD8F9C10 /* Pods-HZChatDemo.release.xcconfig */;
			buildSettings = {
				ASSETCATALOG_COMPILER_APPICON_NAME = AppIcon;
				CODE_SIGN_STYLE = Automatic;
				DEVELOPMENT_TEAM = UU7PMQ4GPH;
				INFOPLIST_FILE = HZChatDemo/Info.plist;
				IPHONEOS_DEPLOYMENT_TARGET = 8.0;
				LD_RUNPATH_SEARCH_PATHS = (
					"$(inherited)",
					"@executable_path/Frameworks",
				);
				PRODUCT_BUNDLE_IDENTIFIER = com.hz.HZChatDemo;
				PRODUCT_NAME = "$(TARGET_NAME)";
				TARGETED_DEVICE_FAMILY = "1,2";
			};
			name = Release;
		};
/* End XCBuildConfiguration section */

/* Begin XCConfigurationList section */
		57E87E74218AB1BA00AA6FEB /* Build configuration list for PBXProject "HZChatDemo" */ = {
			isa = XCConfigurationList;
			buildConfigurations = (
				57E87E8D218AB1BD00AA6FEB /* Debug */,
				57E87E8E218AB1BD00AA6FEB /* Release */,
			);
			defaultConfigurationIsVisible = 0;
			defaultConfigurationName = Release;
		};
		57E87E8F218AB1BD00AA6FEB /* Build configuration list for PBXNativeTarget "HZChatDemo" */ = {
			isa = XCConfigurationList;
			buildConfigurations = (
				57E87E90218AB1BD00AA6FEB /* Debug */,
				57E87E91218AB1BD00AA6FEB /* Release */,
			);
			defaultConfigurationIsVisible = 0;
			defaultConfigurationName = Release;
		};
/* End XCConfigurationList section */
	};
	rootObject = 57E87E71218AB1BA00AA6FEB /* Project object */;
}
